{
  "name": "git-test",
  "lockfileVersion": 2,
  "requires": true,
  "packages": {
    "": {
      "dependencies": {
        "bootstrap-social": "^5.1.1"
      },
      "devDependencies": {
        "parallelshell": "3.0.1"
      }
    },
    "node_modules/bootstrap": {
      "version": "3.4.1",
      "resolved": "https://registry.npmjs.org/bootstrap/-/bootstrap-3.4.1.tgz",
      "integrity": "sha512-yN5oZVmRCwe5aKwzRj6736nSmKDX7pLYwsXiCj/EYmo16hODaBiT4En5btW/jhBF/seV+XMx3aYwukYC3A49DA==",
      "engines": {
        "node": ">=6"
      }
    },
    "node_modules/bootstrap-social": {
      "version": "5.1.1",
      "resolved": "https://registry.npmjs.org/bootstrap-social/-/bootstrap-social-5.1.1.tgz",
      "integrity": "sha1-dTDGeK31bPj60/qCwp1NPl0CdQE=",
      "dependencies": {
        "bootstrap": "~3",
        "font-awesome": "~4.7"
      }
    },
    "node_modules/font-awesome": {
      "version": "4.7.0",
      "resolved": "https://registry.npmjs.org/font-awesome/-/font-awesome-4.7.0.tgz",
      "integrity": "sha1-j6jPBBGhoxr9B7BtKQK7n8gVoTM=",
      "engines": {
        "node": ">=0.10.3"
      }
    },
    "node_modules/parallelshell": {
      "version": "3.0.1",
      "resolved": "https://registry.npmjs.org/parallelshell/-/parallelshell-3.0.1.tgz",
      "integrity": "sha512-xsSQGhJTFjbSW3WGsnSFTg1G17dcDU+gMH7bWxjAiy/3H579KPFbSp3fhkZ+jx2wcZuoav46nq+QVX0I0xPcyA==",
      "dev": true,
      "bin": {
        "parallelshell": "index.js"
      }
    }
  },
  "dependencies": {
    "bootstrap": {
      "version": "3.4.1",
      "resolved": "https://registry.npmjs.org/bootstrap/-/bootstrap-3.4.1.tgz",
      "integrity": "sha512-yN5oZVmRCwe5aKwzRj6736nSmKDX7pLYwsXiCj/EYmo16hODaBiT4En5btW/jhBF/seV+XMx3aYwukYC3A49DA=="
    },
    "bootstrap-social": {
      "version": "5.1.1",
      "resolved": "https://registry.npmjs.org/bootstrap-social/-/bootstrap-social-5.1.1.tgz",
      "integrity": "sha1-dTDGeK31bPj60/qCwp1NPl0CdQE=",
      "requires": {
        "bootstrap": "~3",
        "font-awesome": "~4.7"
      }
    },
    "font-awesome": {
      "version": "4.7.0",
      "resolved": "https://registry.npmjs.org/font-awesome/-/font-awesome-4.7.0.tgz",
      "integrity": "sha1-j6jPBBGhoxr9B7BtKQK7n8gVoTM="
    },
    "parallelshell": {
      "version": "3.0.1",
      "resolved": "https://registry.npmjs.org/parallelshell/-/parallelshell-3.0.1.tgz",
      "integrity": "sha512-xsSQGhJTFjbSW3WGsnSFTg1G17dcDU+gMH7bWxjAiy/3H579KPFbSp3fhkZ+jx2wcZuoav46nq+QVX0I0xPcyA==",
      "dev": true
    }
  }
}
